github.com/fogfish/curie v1.8.2 h1:+4CezyjZ5uszSXUZAV27gfKwv58w3lKTH0JbQwh3S9A=
github.com/fogfish/curie v1.8.2/go.mod h1:jPv7pg4hHd8Ug/USG29ZA2bAwlRfh/iinY90/30ATGg=
github.com/fogfish/guid/v2 v2.0.2 h1:apsRAnSTkft8izOvLipUstHtWYDmVum7kcunYTR5Kv8=
github.com/fogfish/guid/v2 v2.0.2/go.mod h1:KkZ5T4EE3BqWQJFZBPLSHV/tBe23Xq4KvuPfwtNtepU=
github.com/fogfish/it v0.9.1 h1:Pu+qgqBV2ilZDzZzPIbUIhMIkdpHgbGUsdEwVQvBxNQ=
github.com/fogfish/it/v2 v2.0.1 h1:vu3kV2xzYDPHoMHMABxXeu5CoMcTfRc4gkWkzOUkRJY=
github.com/fogfish/it/v2 v2.0.1/go.mod h1:h5FdKaEQT4sUEykiVkB8VV4jX27XabFVeWhoDZaRZtE=
github.com/fogfish/skiplist v0.10.0 h1:xyv/SeYl4zm+bOBm9RduRBN6ukI4RZCBmNqHc+ZE0uw=
github.com/fogfish/skiplist v0.10.0/go.mod h1:2tYv4iOiHbG2gNkTHIgPCHfMzbWS5Yi47YkRlUD46wM=
